<?xml version="1.0" encoding="utf-8"?>
<Project xmlns="http://schemas.microsoft.com/developer/msbuild/2003">
  <ItemGroup>
    <Filter Include="Form Files">
      <UniqueIdentifier>{99349809-55BA-4b9d-BF79-8FDBB0286EB3}</UniqueIdentifier>
      <Extensions>ui</Extensions>
      <ParseFiles>false</ParseFiles>
    </Filter>
    <Filter Include="Form Files">
      <UniqueIdentifier>{99349809-55BA-4b9d-BF79-8FDBB0286EB3}</UniqueIdentifier>
      <Extensions>ui</Extensions>
      <ParseFiles>false</ParseFiles>
    </Filter>
    <Filter Include="Generated Files">
      <UniqueIdentifier>{71ED8ED8-ACB9-4CE9-BBE1-E00B30144E11}</UniqueIdentifier>
      <Extensions>cpp;c;cxx;moc;h;def;odl;idl;res;</Extensions>
    </Filter>
    <Filter Include="Generated Files">
      <UniqueIdentifier>{71ED8ED8-ACB9-4CE9-BBE1-E00B30144E11}</UniqueIdentifier>
      <Extensions>cpp;c;cxx;moc;h;def;odl;idl;res;</Extensions>
    </Filter>
    <Filter Include="Header Files">
      <UniqueIdentifier>{93995380-89BD-4b04-88EB-625FBE52EBFB}</UniqueIdentifier>
      <Extensions>h;hpp;hxx;hm;inl;inc;xsd</Extensions>
    </Filter>
    <Filter Include="Header Files">
      <UniqueIdentifier>{93995380-89BD-4b04-88EB-625FBE52EBFB}</UniqueIdentifier>
      <Extensions>h;hpp;hxx;hm;inl;inc;xsd</Extensions>
    </Filter>
    <Filter Include="Resource Files">
      <UniqueIdentifier>{D9D6E242-F8AF-46E4-B9FD-80ECBC20BA3E}</UniqueIdentifier>
      <Extensions>qrc;*</Extensions>
      <ParseFiles>false</ParseFiles>
    </Filter>
    <Filter Include="Resource Files">
      <UniqueIdentifier>{D9D6E242-F8AF-46E4-B9FD-80ECBC20BA3E}</UniqueIdentifier>
      <Extensions>qrc;*</Extensions>
      <ParseFiles>false</ParseFiles>
    </Filter>
    <Filter Include="Source Files">
      <UniqueIdentifier>{4FC737F1-C7A5-4376-A066-2A32D752A2FF}</UniqueIdentifier>
      <Extensions>cpp;c;cxx;def;odl;idl;hpj;bat;asm;asmx</Extensions>
    </Filter>
    <Filter Include="Source Files">
      <UniqueIdentifier>{4FC737F1-C7A5-4376-A066-2A32D752A2FF}</UniqueIdentifier>
      <Extensions>cpp;c;cxx;def;odl;idl;hpj;bat;asm;asmx</Extensions>
    </Filter>
  </ItemGroup>
  <ItemGroup>
    <ClCompile Include="Sources\MainWindow.cpp">
      <Filter>Source Files</Filter>
    </ClCompile>
    <ClCompile Include="Sources\RaspberryPi.cpp">
      <Filter>Source Files</Filter>
    </ClCompile>
    <ClCompile Include="Sources\SSH.cpp">
      <Filter>Source Files</Filter>
    </ClCompile>
    <ClCompile Include="Sources\main.cpp">
      <Filter>Source Files</Filter>
    </ClCompile>
    <ClCompile Include="Sources\qtreewidgetpis.cpp">
      <Filter>Source Files</Filter>
    </ClCompile>
  </ItemGroup>
  <ItemGroup>
    <QtMoc Include="Headers\MainWindow.h">
      <Filter>Header Files</Filter>
    </QtMoc>
    <QtMoc Include="Headers\RaspberryPi.h">
      <Filter>Header Files</Filter>
    </QtMoc>
    <QtMoc Include="Headers\SSH.h">
      <Filter>Header Files</Filter>
    </QtMoc>
    <QtMoc Include="Headers\qtreewidgetpis.h">
      <Filter>Header Files</Filter>
    </QtMoc>
  </ItemGroup>
  <ItemGroup>
    <CustomBuild Include="debug\moc_predefs.h.cbt">
      <Filter>Generated Files</Filter>
    </CustomBuild>
    <CustomBuild Include="release\moc_predefs.h.cbt">
      <Filter>Generated Files</Filter>
    </CustomBuild>
  </ItemGroup>
  <ItemGroup>
    <QtUic Include="MainWindow.ui">
      <Filter>Form Files</Filter>
    </QtUic>
  </ItemGroup>
  <ItemGroup>
    <None Include="icons\Application.png">
      <Filter>Resource Files</Filter>
    </None>
    <None Include="icons\ApplicationGroup.png">
      <Filter>Resource Files</Filter>
    </None>
    <None Include="icons\ApplicationRunning.png">
      <Filter>Resource Files</Filter>
    </None>
    <None Include="icons\Builder.png">
      <Filter>Resource Files</Filter>
    </None>
    <None Include="icons\CollapseAll.png">
      <Filter>Resource Files</Filter>
    </None>
    <None Include="icons\GlyphDown.png">
      <Filter>Resource Files</Filter>
    </None>
    <None Include="icons\InputParameter.png">
      <Filter>Resource Files</Filter>
    </None>
    <None Include="icons\MakefileProject.png">
      <Filter>Resource Files</Filter>
    </None>
    <None Include="icons\Parameter.png">
      <Filter>Resource Files</Filter>
    </None>
    <QtRcc Include="Qt_GUI.qrc">
      <Filter>Resource Files</Filter>
    </QtRcc>
    <None Include="icons\Refresh.png">
      <Filter>Resource Files</Filter>
    </None>
    <None Include="icons\Run.png">
      <Filter>Resource Files</Filter>
    </None>
    <None Include="icons\Save.png">
      <Filter>Resource Files</Filter>
    </None>
    <None Include="icons\StatusInvalid.png">
      <Filter>Resource Files</Filter>
    </None>
    <None Include="icons\StatusNotStarted.png">
      <Filter>Resource Files</Filter>
    </None>
    <None Include="icons\StatusOK.png">
      <Filter>Resource Files</Filter>
    </None>
    <None Include="icons\Stop.png">
      <Filter>Resource Files</Filter>
    </None>
  </ItemGroup>
  <ItemGroup>
    <ResourceCompile Include="Qt_GUI_resource.rc" />
  </ItemGroup>
</Project>